github.com/Joker/hpp v1.0.0 h1:65+iuJYdRXv/XyN62C1uEmmOx3432rNG/rKlX6V7Kkc=
github.com/Joker/hpp v1.0.0/go.mod h1:8x5n+M1Hp5hC0g8okX3sR3vFQwynaX/UgSOM9MeBKzY=
github.com/PuerkitoBio/goquery v1.5.0 h1:uGvmFXOA73IKluu/F84Xd1tt/z07GYm8X49XKHP7EJk=
github.com/PuerkitoBio/goquery v1.5.0/go.mod h1:qD2PgZ9lccMbQlc7eEOjaeRlFQON7xY8kdmcsrnKqMg=
github.com/andybalholm/cascadia v1.0.0 h1:hOCXnnZ5A+3eVDX8pvgl4kofXv2ELss0bKcqRySc45o=
github.com/andybalholm/cascadia v1.0.0/go.mod h1:GsXiBklL0woXo1j/WYWtSYYC4ouU9PqHO0sqidkEA4Y=
github.com/chamilad/html-to-markdown v0.0.0-20191006062605-597a2c6ae5cc h1:Invmrfr12EyqVOxZ7Gmp8/wPw/PXDl6hHpsDdlvtDJE=
github.com/chamilad/html-to-markdown v0.0.0-20191006062605-597a2c6ae5cc/go.mod h1:My5Id34Ur8sgvQZf6o/ME4rrYD0tbrcJtHeAnqwJRZM=
github.com/davecgh/go-spew v1.1.1 h1:vj9j/u1bqnvCEfJOwUhtlOARqs3+rkHYY13jYWTU97c=
github.com/davecgh/go-spew v1.1.1/go.mod h1:J7Y8YcW2NihsgmVo/mv3lAwl/skON4iLHjSsI+c5H38=
github.com/dchest/cssmin v0.0.0-20151210170030-fb8d9b44afdc h1:VBS1z48BFEe00G81z8MKOtwX7f/ISkuH38NscT8iVPw=
github.com/dchest/cssmin v0.0.0-20151210170030-fb8d9b44afdc/go.mod h1:ABJPuor7YlcsHmvJ1QxX38e2NcufLY3hm0yXv+cy9sI=
github.com/dchest/htmlmin v1.0.0 h1:joUQTro23wV2dV8oe/LDOM5m/iuwMx8Tt9WnhPzvqxM=
github.com/dchest/htmlmin v1.0.0/go.mod h1:XsAE+b4rOZc8gvgsgF+wU75mNBvBcyED1wdd9PBLlJ0=
github.com/dchest/jsmin v0.0.0-20160823214000-faeced883947 h1:Fm10/KNuoAyBm2P5P5H91Xy21hGcZnBdjR+cMdytv1M=
github.com/dchest/jsmin v0.0.0-20160823214000-faeced883947/go.mod h1:Dv9D0NUlAsaQcGQZa5kc5mqR9ua72SmA8VXi4cd+cBw=
github.com/evorts/html-to-markdown v0.0.3 h1:VYHxh9qnbz7SWsTH2OCfP2Tb1YVNpPdmgtZdOlU+unU=
github.com/evorts/html-to-markdown v0.0.3/go.mod h1:+E8viLpNlwCN09VqeelUDBCuSWIzXgav4PtV6gzqMr4=
github.com/guptarohit/asciigraph v0.4.1 h1:YHmCMN8VH81BIUIgTg2Fs3B52QDxNZw2RQ6j5pGoSxo=
github.com/guptarohit/asciigraph v0.4.1/go.mod h1:9fYEfE5IGJGxlP1B+w8wHFy7sNZMhPtn59f0RLtpRFM=
github.com/lunny/html2md v0.0.0-20181018071239-7d234de44546 h1:hqxaQP14eTbeZGHZhsDInzj9sJAnEufjVQL4bEA/p+8=
github.com/lunny/html2md v0.0.0-20181018071239-7d234de44546/go.mod h1:lUUaVYlpAQ1Oo6vIZfec6CXQZjOvFZLyqaR8Dl7m+hk=
github.com/yosssi/gohtml v0.0.0-20190915184251-7ff6f235ecaf h1:VA200mPTYh9FWY8zKX5ctXCtNk78HUez8ecTdsQGhoo=
github.com/yosssi/gohtml v0.0.0-20190915184251-7ff6f235ecaf/go.mod h1:+ccdNT0xMY1dtc5XBxumbYfOUhmduiGudqaDgD2rVRE=
golang.org/x/crypto v0.0.0-20190308221718-c2843e01d9a2/go.mod h1:djNgcEr1/C05ACkg1iLfiJU5Ep61QUkGW8qpdssI0+w=
golang.org/x/net v0.0.0-20180218175443-cbe0f9307d01/go.mod h1:mL1N/T3taQHkDXs73rZJwtUhF3w3ftmwwsq0BUmARs4=
golang.org/x/net v0.0.0-20181114220301-adae6a3d119a/go.mod h1:mL1N/T3taQHkDXs73rZJwtUhF3w3ftmwwsq0BUmARs4=
golang.org/x/net v0.0.0-20190327091125-710a502c58a2/go.mod h1:t9HGtf8HONx5eT2rtn7q6eTqICYqUVnKs3thJo3Qplg=
golang.org/x/net v0.0.0-20190923162816-aa69164e4478 h1:l5EDrHhldLYb3ZRHDUhXF7Om7MvYXnkV9/iQNo1lX6g=
golang.org/x/net v0.0.0-20190923162816-aa69164e4478/go.mod h1:z5CRVTTTmAJ677TzLLGU+0bjPO0LkuOLi4/5GtJWs/s=
golang.org/x/net v0.0.0-20191007182048-72f939374954 h1:JGZucVF/L/TotR719NbujzadOZ2AgnYlqphQGHDCKaU=
golang.org/x/net v0.0.0-20191009170851-d66e71096ffb h1:TR699M2v0qoKTOHxeLgp6zPqaQNs74f01a/ob9W0qko=
golang.org/x/sys v0.0.0-20190215142949-d0b11bdaac8a/go.mod h1:STP8DvDyc/dI5b8T5hshtkjS+E42TnysNCUPdjciGhY=
golang.org/x/text v0.3.0/go.mod h1:NqM8EUOU14njkJ3fqMW+pc6Ldnwhi/IjpwHt7yyuwOQ=
